
Microsoft Visual Studio Solution File, Format Version 12.00
# Visual Studio Version 17
VisualStudioVersion = 17.8.34511.84
MinimumVisualStudioVersion = 10.0.40219.1
Project("{9A19103F-16F7-4668-BE54-9A1E7A4F7556}") = "GrandCasinoLB", "GrandCasinoLB\GrandCasinoLB.csproj", "{5933DBE9-F1F5-4452-8C63-EC17DF3EE738}"
EndProject
Project("{FAE04EC0-301F-11D3-BF4B-00C04F79EFBC}") = "GrandCasinoLB-TestProject", "GrandCasinoLB-TestProject\GrandCasinoLB-TestProject.csproj", "{66816796-507D-4B9B-9632-8408E8913C59}"
EndProject
Global
	GlobalSection(SolutionConfigurationPlatforms) = preSolution
		Debug|Any CPU = Debug|Any CPU
		Release|Any CPU = Release|Any CPU
	EndGlobalSection
	GlobalSection(ProjectConfigurationPlatforms) = postSolution
		{5933DBE9-F1F5-4452-8C63-EC17DF3EE738}.Debug|Any CPU.ActiveCfg = Debug|Any CPU
		{5933DBE9-F1F5-4452-8C63-EC17DF3EE738}.Debug|Any CPU.Build.0 = Debug|Any CPU
		{5933DBE9-F1F5-4452-8C63-EC17DF3EE738}.Release|Any CPU.ActiveCfg = Release|Any CPU
		{5933DBE9-F1F5-4452-8C63-EC17DF3EE738}.Release|Any CPU.Build.0 = Release|Any CPU
		{66816796-507D-4B9B-9632-8408E8913C59}.Debug|Any CPU.ActiveCfg = Debug|Any CPU
		{66816796-507D-4B9B-9632-8408E8913C59}.Debug|Any CPU.Build.0 = Debug|Any CPU
		{66816796-507D-4B9B-9632-8408E8913C59}.Release|Any CPU.ActiveCfg = Release|Any CPU
		{66816796-507D-4B9B-9632-8408E8913C59}.Release|Any CPU.Build.0 = Release|Any CPU
	EndGlobalSection
	GlobalSection(SolutionProperties) = preSolution
		HideSolutionNode = FALSE
	EndGlobalSection
	GlobalSection(ExtensibilityGlobals) = postSolution
		SolutionGuid = {DCFAB1E7-C1B0-4947-9288-8C704AB86E8C}
	EndGlobalSection
EndGlobal
